
Microsoft Visual Studio Solution File, Format Version 12.00
# Visual Studio Version 16
VisualStudioVersion = 16.0.32901.82
MinimumVisualStudioVersion = 10.0.40219.1
Project("{FAE04EC0-301F-11D3-BF4B-00C04F79EFBC}") = "EcoleTLN", "EcoleTLN\EcoleTLN.csproj", "{EBB2E1C5-9EBB-4778-BD49-559A91EA688C}"
EndProject
Global
	GlobalSection(SolutionConfigurationPlatforms) = preSolution
		Debug|Any CPU = Debug|Any CPU
		Release|Any CPU = Release|Any CPU
	EndGlobalSection
	GlobalSection(ProjectConfigurationPlatforms) = postSolution
		{EBB2E1C5-9EBB-4778-BD49-559A91EA688C}.Debug|Any CPU.ActiveCfg = Debug|Any CPU
		{EBB2E1C5-9EBB-4778-BD49-559A91EA688C}.Debug|Any CPU.Build.0 = Debug|Any CPU
		{EBB2E1C5-9EBB-4778-BD49-559A91EA688C}.Release|Any CPU.ActiveCfg = Release|Any CPU
		{EBB2E1C5-9EBB-4778-BD49-559A91EA688C}.Release|Any CPU.Build.0 = Release|Any CPU
	EndGlobalSection
	GlobalSection(SolutionProperties) = preSolution
		HideSolutionNode = FALSE
	EndGlobalSection
	GlobalSection(ExtensibilityGlobals) = postSolution
		SolutionGuid = {2B26CC20-E171-4D4B-AA0F-8DA9C397C99D}
	EndGlobalSection
EndGlobal
